
Microsoft Visual Studio Solution File, Format Version 12.00
# Visual Studio Version 17
VisualStudioVersion = 17.3.32804.467
MinimumVisualStudioVersion = 10.0.40219.1
Project("{FAE04EC0-301F-11D3-BF4B-00C04F79EFBC}") = "Encrypt_Decrypt_UBL", "Encrypt_Decrypt_UBL.csproj", "{EDD2DCAB-CBB7-4B7B-98F7-263006E99073}"
EndProject
Global
	GlobalSection(SolutionConfigurationPlatforms) = preSolution
		Debug|Any CPU = Debug|Any CPU
		Release|Any CPU = Release|Any CPU
	EndGlobalSection
	GlobalSection(ProjectConfigurationPlatforms) = postSolution
		{EDD2DCAB-CBB7-4B7B-98F7-263006E99073}.Debug|Any CPU.ActiveCfg = Debug|Any CPU
		{EDD2DCAB-CBB7-4B7B-98F7-263006E99073}.Debug|Any CPU.Build.0 = Debug|Any CPU
		{EDD2DCAB-CBB7-4B7B-98F7-263006E99073}.Release|Any CPU.ActiveCfg = Release|Any CPU
		{EDD2DCAB-CBB7-4B7B-98F7-263006E99073}.Release|Any CPU.Build.0 = Release|Any CPU
	EndGlobalSection
	GlobalSection(SolutionProperties) = preSolution
		HideSolutionNode = FALSE
	EndGlobalSection
	GlobalSection(ExtensibilityGlobals) = postSolution
		SolutionGuid = {37236131-5B0D-41A0-84FF-98380303351A}
	EndGlobalSection
EndGlobal
